
Microsoft Visual Studio Solution File, Format Version 12.00
# Visual Studio 15
VisualStudioVersion = 15.0.28010.2046
MinimumVisualStudioVersion = 10.0.40219.1
Project("{FAE04EC0-301F-11D3-BF4B-00C04F79EFBC}") = "Pm25toGif", "Pm25toGif\Pm25toGif.csproj", "{07BDF592-FC73-48A7-8D71-347812762931}"
EndProject
Global
	GlobalSection(SolutionConfigurationPlatforms) = preSolution
		Debug|Any CPU = Debug|Any CPU
		Release|Any CPU = Release|Any CPU
	EndGlobalSection
	GlobalSection(ProjectConfigurationPlatforms) = postSolution
		{07BDF592-FC73-48A7-8D71-347812762931}.Debug|Any CPU.ActiveCfg = Debug|Any CPU
		{07BDF592-FC73-48A7-8D71-347812762931}.Debug|Any CPU.Build.0 = Debug|Any CPU
		{07BDF592-FC73-48A7-8D71-347812762931}.Release|Any CPU.ActiveCfg = Release|Any CPU
		{07BDF592-FC73-48A7-8D71-347812762931}.Release|Any CPU.Build.0 = Release|Any CPU
	EndGlobalSection
	GlobalSection(SolutionProperties) = preSolution
		HideSolutionNode = FALSE
	EndGlobalSection
	GlobalSection(ExtensibilityGlobals) = postSolution
		SolutionGuid = {1C1BC0E8-AA05-460A-A9C0-8DDD3B88EEE7}
	EndGlobalSection
EndGlobal
